{
  "name": "js-volder",
  "version": "1.0.0",
  "lockfileVersion": 2,
  "requires": true,
  "packages": {
    "": {
      "name": "js-volder",
      "version": "1.0.0",
      "license": "ISC",
      "dependencies": {
        "volder": "^2.0.1"
      }
    },
    "node_modules/volder": {
      "version": "2.0.1",
      "resolved": "https://registry.npmjs.org/volder/-/volder-2.0.1.tgz",
      "integrity": "sha512-VsAl1tHk+2W4vNs0Sye/voSmqF/R9S4f6lYHVX1THDJkIFSIAv85jAJCvsvF67T8E29v16BoBRAbp0g/qmLfjA==",
      "engines": {
        "node": ">=10"
      }
    }
  },
  "dependencies": {
    "volder": {
      "version": "2.0.1",
      "resolved": "https://registry.npmjs.org/volder/-/volder-2.0.1.tgz",
      "integrity": "sha512-VsAl1tHk+2W4vNs0Sye/voSmqF/R9S4f6lYHVX1THDJkIFSIAv85jAJCvsvF67T8E29v16BoBRAbp0g/qmLfjA=="
    }
  }
}
